
Microsoft Visual Studio Solution File, Format Version 12.00
# Visual Studio Version 17
VisualStudioVersion = 17.8.34601.278
MinimumVisualStudioVersion = 10.0.40219.1
Project("{FAE04EC0-301F-11D3-BF4B-00C04F79EFBC}") = "FazendaUrbanaDLL", "FazendaUrbanaDLL.csproj", "{BC318E28-D309-4034-97AB-B8B0F328D31B}"
EndProject
Global
	GlobalSection(SolutionConfigurationPlatforms) = preSolution
		Debug|Any CPU = Debug|Any CPU
		Release|Any CPU = Release|Any CPU
	EndGlobalSection
	GlobalSection(ProjectConfigurationPlatforms) = postSolution
		{BC318E28-D309-4034-97AB-B8B0F328D31B}.Debug|Any CPU.ActiveCfg = Debug|Any CPU
		{BC318E28-D309-4034-97AB-B8B0F328D31B}.Debug|Any CPU.Build.0 = Debug|Any CPU
		{BC318E28-D309-4034-97AB-B8B0F328D31B}.Release|Any CPU.ActiveCfg = Release|Any CPU
		{BC318E28-D309-4034-97AB-B8B0F328D31B}.Release|Any CPU.Build.0 = Release|Any CPU
	EndGlobalSection
	GlobalSection(SolutionProperties) = preSolution
		HideSolutionNode = FALSE
	EndGlobalSection
	GlobalSection(ExtensibilityGlobals) = postSolution
		SolutionGuid = {5CF32F73-7B0B-4945-8531-E5159BD0947B}
	EndGlobalSection
EndGlobal
